{
  "name": "vite-project",
  "version": "0.0.0",
  "lockfileVersion": 1,
  "requires": true,
  "dependencies": {
    "@babel/parser": {
      "version": "7.18.5",
      "resolved": "http://npm.devops.xiaohongshu.com:7001/@babel/parser/download/@babel/parser-7.18.5.tgz",
      "integrity": "sha1-M3BiNjQ2qJOi0i+qYL5bs3CRyDw="
    },
    "@vitejs/plugin-vue": {
      "version": "2.3.3",
      "resolved": "http://npm.devops.xiaohongshu.com:7001/@vitejs/plugin-vue/download/@vitejs/plugin-vue-2.3.3.tgz",
      "integrity": "sha1-+/gMwDm4KsIaGssPBHjej2H79gA=",
      "dev": true
    },
    "@volar/code-gen": {
      "version": "0.34.17",
      "resolved": "http://npm.devops.xiaohongshu.com:7001/@volar/code-gen/download/@volar/code-gen-0.34.17.tgz",
      "integrity": "sha1-/UbjaUVOa9lZm1EVALTEOsuXML0=",
      "dev": true,
      "requires": {
        "@volar/source-map": "0.34.17"
      }
    },
    "@volar/source-map": {
      "version": "0.34.17",
      "resolved": "http://npm.devops.xiaohongshu.com:7001/@volar/source-map/download/@volar/source-map-0.34.17.tgz",
      "integrity": "sha1-ee/E0IjhH1n8hXlTGFofhS33CWg=",
      "dev": true
    },
    "@volar/vue-code-gen": {
      "version": "0.34.17",
      "resolved": "http://npm.devops.xiaohongshu.com:7001/@volar/vue-code-gen/download/@volar/vue-code-gen-0.34.17.tgz",
      "integrity": "sha1-VcqcIbOMkb82J2GyaKd7nw7K6L8=",
      "dev": true,
      "requires": {
        "@volar/code-gen": "0.34.17",
        "@volar/source-map": "0.34.17",
        "@vue/compiler-core": "^3.2.36",
        "@vue/compiler-dom": "^3.2.36",
        "@vue/shared": "^3.2.36"
      },
      "dependencies": {
        "@vue/compiler-core": {
          "version": "3.2.37",
          "resolved": "http://npm.devops.xiaohongshu.com:7001/@vue/compiler-core/download/@vue/compiler-core-3.2.37.tgz",
          "integrity": "sha1-s8QuBMDg8sSW/xeE5UP77+keIVo=",
          "dev": true,
          "requires": {
            "@babel/parser": "^7.16.4",
            "@vue/shared": "3.2.37",
            "estree-walker": "^2.0.2",
            "source-map": "^0.6.1"
          }
        },
        "@vue/compiler-dom": {
          "version": "3.2.37",
          "resolved": "http://npm.devops.xiaohongshu.com:7001/@vue/compiler-dom/download/@vue/compiler-dom-3.2.37.tgz",
          "integrity": "sha1-ENJCeniefHB8hy2p1njIKgxlgrU=",
          "dev": true,
          "requires": {
            "@vue/compiler-core": "3.2.37",
            "@vue/shared": "3.2.37"
          }
        },
        "@vue/shared": {
          "version": "3.2.37",
          "resolved": "http://npm.devops.xiaohongshu.com:7001/@vue/shared/download/@vue/shared-3.2.37.tgz",
          "integrity": "sha1-jmrcPydZr1Lw6Fhj37C3EezFxwI=",
          "dev": true
        }
      }
    },
    "@volar/vue-typescript": {
      "version": "0.34.17",
      "resolved": "http://npm.devops.xiaohongshu.com:7001/@volar/vue-typescript/download/@volar/vue-typescript-0.34.17.tgz",
      "integrity": "sha1-SX60ceusJf9hrwQDG3jscaNNRws=",
      "dev": true,
      "requires": {
        "@volar/code-gen": "0.34.17",
        "@volar/source-map": "0.34.17",
        "@volar/vue-code-gen": "0.34.17",
        "@vue/compiler-sfc": "^3.2.36",
        "@vue/reactivity": "^3.2.36"
      },
      "dependencies": {
        "@vue/compiler-core": {
          "version": "3.2.37",
          "resolved": "http://npm.devops.xiaohongshu.com:7001/@vue/compiler-core/download/@vue/compiler-core-3.2.37.tgz",
          "integrity": "sha1-s8QuBMDg8sSW/xeE5UP77+keIVo=",
          "dev": true,
          "requires": {
            "@babel/parser": "^7.16.4",
            "@vue/shared": "3.2.37",
            "estree-walker": "^2.0.2",
            "source-map": "^0.6.1"
          }
        },
        "@vue/compiler-dom": {
          "version": "3.2.37",
          "resolved": "http://npm.devops.xiaohongshu.com:7001/@vue/compiler-dom/download/@vue/compiler-dom-3.2.37.tgz",
          "integrity": "sha1-ENJCeniefHB8hy2p1njIKgxlgrU=",
          "dev": true,
          "requires": {
            "@vue/compiler-core": "3.2.37",
            "@vue/shared": "3.2.37"
          }
        },
        "@vue/compiler-sfc": {
          "version": "3.2.37",
          "resolved": "http://npm.devops.xiaohongshu.com:7001/@vue/compiler-sfc/download/@vue/compiler-sfc-3.2.37.tgz",
          "integrity": "sha1-MQOvPaL0AobtzYXqSV3LNbx/X/Q=",
          "dev": true,
          "requires": {
            "@babel/parser": "^7.16.4",
            "@vue/compiler-core": "3.2.37",
            "@vue/compiler-dom": "3.2.37",
            "@vue/compiler-ssr": "3.2.37",
            "@vue/reactivity-transform": "3.2.37",
            "@vue/shared": "3.2.37",
            "estree-walker": "^2.0.2",
            "magic-string": "^0.25.7",
            "postcss": "^8.1.10",
            "source-map": "^0.6.1"
          }
        },
        "@vue/compiler-ssr": {
          "version": "3.2.37",
          "resolved": "http://npm.devops.xiaohongshu.com:7001/@vue/compiler-ssr/download/@vue/compiler-ssr-3.2.37.tgz",
          "integrity": "sha1-SJnRnzpfr9YVJKnRrujrBQUxPP8=",
          "dev": true,
          "requires": {
            "@vue/compiler-dom": "3.2.37",
            "@vue/shared": "3.2.37"
          }
        },
        "@vue/reactivity": {
          "version": "3.2.37",
          "resolved": "http://npm.devops.xiaohongshu.com:7001/@vue/reactivity/download/@vue/reactivity-3.2.37.tgz",
          "integrity": "sha1-W8OEesWIKOK3hSbgghngoQifiEg=",
          "dev": true,
          "requires": {
            "@vue/shared": "3.2.37"
          }
        },
        "@vue/reactivity-transform": {
          "version": "3.2.37",
          "resolved": "http://npm.devops.xiaohongshu.com:7001/@vue/reactivity-transform/download/@vue/reactivity-transform-3.2.37.tgz",
          "integrity": "sha1-DKpHxDRN9K5Z9aBd3iqHWIKfjso=",
          "dev": true,
          "requires": {
            "@babel/parser": "^7.16.4",
            "@vue/compiler-core": "3.2.37",
            "@vue/shared": "3.2.37",
            "estree-walker": "^2.0.2",
            "magic-string": "^0.25.7"
          }
        },
        "@vue/shared": {
          "version": "3.2.37",
          "resolved": "http://npm.devops.xiaohongshu.com:7001/@vue/shared/download/@vue/shared-3.2.37.tgz",
          "integrity": "sha1-jmrcPydZr1Lw6Fhj37C3EezFxwI=",
          "dev": true
        }
      }
    },
    "@vue/compiler-core": {
      "version": "3.2.26",
      "resolved": "http://npm.devops.xiaohongshu.com:7001/@vue/compiler-core/download/@vue/compiler-core-3.2.26.tgz",
      "integrity": "sha1-mrkq5iTaUfe2Bk9GecLUVk9DfMg=",
      "requires": {
        "@babel/parser": "^7.16.4",
        "@vue/shared": "3.2.26",
        "estree-walker": "^2.0.2",
        "source-map": "^0.6.1"
      }
    },
    "@vue/compiler-dom": {
      "version": "3.2.26",
      "resolved": "http://npm.devops.xiaohongshu.com:7001/@vue/compiler-dom/download/@vue/compiler-dom-3.2.26.tgz",
      "integrity": "sha1-x6e1XVCnt5gd1E/CghHfFFBIJmc=",
      "requires": {
        "@vue/compiler-core": "3.2.26",
        "@vue/shared": "3.2.26"
      }
    },
    "@vue/compiler-sfc": {
      "version": "3.2.26",
      "resolved": "http://npm.devops.xiaohongshu.com:7001/@vue/compiler-sfc/download/@vue/compiler-sfc-3.2.26.tgz",
      "integrity": "sha1-POdmd+SqWDEWVaO+qescuATSJz8=",
      "requires": {
        "@babel/parser": "^7.16.4",
        "@vue/compiler-core": "3.2.26",
        "@vue/compiler-dom": "3.2.26",
        "@vue/compiler-ssr": "3.2.26",
        "@vue/reactivity-transform": "3.2.26",
        "@vue/shared": "3.2.26",
        "estree-walker": "^2.0.2",
        "magic-string": "^0.25.7",
        "postcss": "^8.1.10",
        "source-map": "^0.6.1"
      }
    },
    "@vue/compiler-ssr": {
      "version": "3.2.26",
      "resolved": "http://npm.devops.xiaohongshu.com:7001/@vue/compiler-ssr/download/@vue/compiler-ssr-3.2.26.tgz",
      "integrity": "sha1-/QSVIzQfv0q16I4l7vVm2GKJS6c=",
      "requires": {
        "@vue/compiler-dom": "3.2.26",
        "@vue/shared": "3.2.26"
      }
    },
    "@vue/reactivity": {
      "version": "3.2.26",
      "resolved": "http://npm.devops.xiaohongshu.com:7001/@vue/reactivity/download/@vue/reactivity-3.2.26.tgz",
      "integrity": "sha1-1SkZHlgVIcPBLinvmG1MipM6D4M=",
      "requires": {
        "@vue/shared": "3.2.26"
      }
    },
    "@vue/reactivity-transform": {
      "version": "3.2.26",
      "resolved": "http://npm.devops.xiaohongshu.com:7001/@vue/reactivity-transform/download/@vue/reactivity-transform-3.2.26.tgz",
      "integrity": "sha1-bY8gpKotGXKPJd6ZlirdvnxNA+k=",
      "requires": {
        "@babel/parser": "^7.16.4",
        "@vue/compiler-core": "3.2.26",
        "@vue/shared": "3.2.26",
        "estree-walker": "^2.0.2",
        "magic-string": "^0.25.7"
      }
    },
    "@vue/runtime-core": {
      "version": "3.2.26",
      "resolved": "http://npm.devops.xiaohongshu.com:7001/@vue/runtime-core/download/@vue/runtime-core-3.2.26.tgz",
      "integrity": "sha1-XFnMRA7Xo5ttvUwC4tIcjRmI8N4=",
      "requires": {
        "@vue/reactivity": "3.2.26",
        "@vue/shared": "3.2.26"
      }
    },
    "@vue/runtime-dom": {
      "version": "3.2.26",
      "resolved": "http://npm.devops.xiaohongshu.com:7001/@vue/runtime-dom/download/@vue/runtime-dom-3.2.26.tgz",
      "integrity": "sha1-hNOuJYRIh0dxfC4HLV2REsDS5sI=",
      "requires": {
        "@vue/runtime-core": "3.2.26",
        "@vue/shared": "3.2.26",
        "csstype": "^2.6.8"
      }
    },
    "@vue/server-renderer": {
      "version": "3.2.26",
      "resolved": "http://npm.devops.xiaohongshu.com:7001/@vue/server-renderer/download/@vue/server-renderer-3.2.26.tgz",
      "integrity": "sha1-8WpLn7zJF0F7TOpwyZr84nATQc8=",
      "requires": {
        "@vue/compiler-ssr": "3.2.26",
        "@vue/shared": "3.2.26"
      }
    },
    "@vue/shared": {
      "version": "3.2.26",
      "resolved": "http://npm.devops.xiaohongshu.com:7001/@vue/shared/download/@vue/shared-3.2.26.tgz",
      "integrity": "sha1-es0WIXg1cbmoLsofBBtKCpg0gdk="
    },
    "csstype": {
      "version": "2.6.20",
      "resolved": "http://npm.devops.xiaohongshu.com:7001/csstype/download/csstype-2.6.20.tgz",
      "integrity": "sha1-kinGXqCyYM9NPZl8sGKI42qNbdo="
    },
    "esbuild": {
      "version": "0.14.47",
      "resolved": "http://npm.devops.xiaohongshu.com:7001/esbuild/download/esbuild-0.14.47.tgz",
      "integrity": "sha1-DWQV9r2Ouec6WPf5rgTFJ2zaDk0=",
      "dev": true,
      "requires": {
        "esbuild-android-64": "0.14.47",
        "esbuild-android-arm64": "0.14.47",
        "esbuild-darwin-64": "0.14.47",
        "esbuild-darwin-arm64": "0.14.47",
        "esbuild-freebsd-64": "0.14.47",
        "esbuild-freebsd-arm64": "0.14.47",
        "esbuild-linux-32": "0.14.47",
        "esbuild-linux-64": "0.14.47",
        "esbuild-linux-arm": "0.14.47",
        "esbuild-linux-arm64": "0.14.47",
        "esbuild-linux-mips64le": "0.14.47",
        "esbuild-linux-ppc64le": "0.14.47",
        "esbuild-linux-riscv64": "0.14.47",
        "esbuild-linux-s390x": "0.14.47",
        "esbuild-netbsd-64": "0.14.47",
        "esbuild-openbsd-64": "0.14.47",
        "esbuild-sunos-64": "0.14.47",
        "esbuild-windows-32": "0.14.47",
        "esbuild-windows-64": "0.14.47",
        "esbuild-windows-arm64": "0.14.47"
      }
    },
    "esbuild-android-64": {
      "version": "0.14.47",
      "resolved": "http://npm.devops.xiaohongshu.com:7001/esbuild-android-64/download/esbuild-android-64-0.14.47.tgz",
      "integrity": "sha1-75W0LGe89CaMhpFT+jrRRmxM6ms=",
      "dev": true,
      "optional": true
    },
    "esbuild-android-arm64": {
      "version": "0.14.47",
      "resolved": "http://npm.devops.xiaohongshu.com:7001/esbuild-android-arm64/download/esbuild-android-arm64-0.14.47.tgz",
      "integrity": "sha1-Tr186fslC0aV+qPuRv07B1Ts2eY=",
      "dev": true,
      "optional": true
    },
    "esbuild-darwin-64": {
      "version": "0.14.47",
      "resolved": "http://npm.devops.xiaohongshu.com:7001/esbuild-darwin-64/download/esbuild-darwin-64-0.14.47.tgz",
      "integrity": "sha1-4NpsJE9JcZL5UYB/AD9qQj7SMYg=",
      "dev": true,
      "optional": true
    },
    "esbuild-darwin-arm64": {
      "version": "0.14.47",
      "resolved": "http://npm.devops.xiaohongshu.com:7001/esbuild-darwin-arm64/download/esbuild-darwin-arm64-0.14.47.tgz",
      "integrity": "sha1-zUD9SaZy/KWB7SAoNCOd/lQKkCg=",
      "dev": true,
      "optional": true
    },
    "esbuild-freebsd-64": {
      "version": "0.14.47",
      "resolved": "http://npm.devops.xiaohongshu.com:7001/esbuild-freebsd-64/download/esbuild-freebsd-64-0.14.47.tgz",
      "integrity": "sha1-jaahTAlbKcAfyAh6Fst5Bt68LWc=",
      "dev": true,
      "optional": true
    },
    "esbuild-freebsd-arm64": {
      "version": "0.14.47",
      "resolved": "http://npm.devops.xiaohongshu.com:7001/esbuild-freebsd-arm64/download/esbuild-freebsd-arm64-0.14.47.tgz",
      "integrity": "sha1-rTH5ySgX/48z/SU696tRItwbg/Y=",
      "dev": true,
      "optional": true
    },
    "esbuild-linux-32": {
      "version": "0.14.47",
      "resolved": "http://npm.devops.xiaohongshu.com:7001/esbuild-linux-32/download/esbuild-linux-32-0.14.47.tgz",
      "integrity": "sha1-3gheTbLmkuowxxIIzMI/3PUZbFg=",
      "dev": true,
      "optional": true
    },
    "esbuild-linux-64": {
      "version": "0.14.47",
      "resolved": "http://npm.devops.xiaohongshu.com:7001/esbuild-linux-64/download/esbuild-linux-64-0.14.47.tgz",
      "integrity": "sha1-KpMhu8ywHwGwTOv8/Mur66Nli6E=",
      "dev": true,
      "optional": true
    },
    "esbuild-linux-arm": {
      "version": "0.14.47",
      "resolved": "http://npm.devops.xiaohongshu.com:7001/esbuild-linux-arm/download/esbuild-linux-arm-0.14.47.tgz",
      "integrity": "sha1-Vv7CoJuVYcM3BZ1K9TYlFCre2FM=",
      "dev": true,
      "optional": true
    },
    "esbuild-linux-arm64": {
      "version": "0.14.47",
      "resolved": "http://npm.devops.xiaohongshu.com:7001/esbuild-linux-arm64/download/esbuild-linux-arm64-0.14.47.tgz",
      "integrity": "sha1-udp7b8SwynoTNjoMW3u5J+S8U1o=",
      "dev": true,
      "optional": true
    },
    "esbuild-linux-mips64le": {
      "version": "0.14.47",
      "resolved": "http://npm.devops.xiaohongshu.com:7001/esbuild-linux-mips64le/download/esbuild-linux-mips64le-0.14.47.tgz",
      "integrity": "sha1-nbIVYfjyLtee8q7be77wgrRs+CM=",
      "dev": true,
      "optional": true
    },
    "esbuild-linux-ppc64le": {
      "version": "0.14.47",
      "resolved": "http://npm.devops.xiaohongshu.com:7001/esbuild-linux-ppc64le/download/esbuild-linux-ppc64le-0.14.47.tgz",
      "integrity": "sha1-3Do9oyEiKxHpblDvr+ydLeQIGYs=",
      "dev": true,
      "optional": true
    },
    "esbuild-linux-riscv64": {
      "version": "0.14.47",
      "resolved": "http://npm.devops.xiaohongshu.com:7001/esbuild-linux-riscv64/download/esbuild-linux-riscv64-0.14.47.tgz",
      "integrity": "sha1-m9bc09ymwDVwhOzQbh0tS/EFM18=",
      "dev": true,
      "optional": true
    },
    "esbuild-linux-s390x": {
      "version": "0.14.47",
      "resolved": "http://npm.devops.xiaohongshu.com:7001/esbuild-linux-s390x/download/esbuild-linux-s390x-0.14.47.tgz",
      "integrity": "sha1-pFivk5tS8s0y/FYUENRBpR9p1B8=",
      "dev": true,
      "optional": true
    },
    "esbuild-netbsd-64": {
      "version": "0.14.47",
      "resolved": "http://npm.devops.xiaohongshu.com:7001/esbuild-netbsd-64/download/esbuild-netbsd-64-0.14.47.tgz",
      "integrity": "sha1-Y4jnhdfn5EIMsBNI10g6tRGxaqg=",
      "dev": true,
      "optional": true
    },
    "esbuild-openbsd-64": {
      "version": "0.14.47",
      "resolved": "http://npm.devops.xiaohongshu.com:7001/esbuild-openbsd-64/download/esbuild-openbsd-64-0.14.47.tgz",
      "integrity": "sha1-MJr4BttWGqiGxEU0TRqsq4UNvcU=",
      "dev": true,
      "optional": true
    },
    "esbuild-sunos-64": {
      "version": "0.14.47",
      "resolved": "http://npm.devops.xiaohongshu.com:7001/esbuild-sunos-64/download/esbuild-sunos-64-0.14.47.tgz",
      "integrity": "sha1-PxlhLc24m6bGUoOn/24W+K+/iqo=",
      "dev": true,
      "optional": true
    },
    "esbuild-windows-32": {
      "version": "0.14.47",
      "resolved": "http://npm.devops.xiaohongshu.com:7001/esbuild-windows-32/download/esbuild-windows-32-0.14.47.tgz",
      "integrity": "sha1-qS0nnIRY1dwxmrz+swqkno8ub38=",
      "dev": true,
      "optional": true
    },
    "esbuild-windows-64": {
      "version": "0.14.47",
      "resolved": "http://npm.devops.xiaohongshu.com:7001/esbuild-windows-64/download/esbuild-windows-64-0.14.47.tgz",
      "integrity": "sha1-JWTD/PDCPXAe23GvjFLTvkzsX4o=",
      "dev": true,
      "optional": true
    },
    "esbuild-windows-arm64": {
      "version": "0.14.47",
      "resolved": "http://npm.devops.xiaohongshu.com:7001/esbuild-windows-arm64/download/esbuild-windows-arm64-0.14.47.tgz",
      "integrity": "sha1-htnbGiLYM2D3JqxfukHC9iXbaHg=",
      "dev": true,
      "optional": true
    },
    "estree-walker": {
      "version": "2.0.2",
      "resolved": "http://npm.devops.xiaohongshu.com:7001/estree-walker/download/estree-walker-2.0.2.tgz",
      "integrity": "sha1-UvAQF4wqTBF6d1fP6UKtt9LaTKw="
    },
    "fsevents": {
      "version": "2.3.2",
      "resolved": "http://npm.devops.xiaohongshu.com:7001/fsevents/download/fsevents-2.3.2.tgz",
      "integrity": "sha1-ilJveLj99GI7cJ4Ll1xSwkwC/Ro=",
      "dev": true,
      "optional": true
    },
    "function-bind": {
      "version": "1.1.1",
      "resolved": "http://npm.devops.xiaohongshu.com:7001/function-bind/download/function-bind-1.1.1.tgz",
      "integrity": "sha1-pWiZ0+o8m6uHS7l3O3xe3pL0iV0=",
      "dev": true
    },
    "has": {
      "version": "1.0.3",
      "resolved": "http://npm.devops.xiaohongshu.com:7001/has/download/has-1.0.3.tgz",
      "integrity": "sha1-ci18v8H2qoJB8W3YFOAR4fQeh5Y=",
      "dev": true,
      "requires": {
        "function-bind": "^1.1.1"
      }
    },
    "is-core-module": {
      "version": "2.9.0",
      "resolved": "http://npm.devops.xiaohongshu.com:7001/is-core-module/download/is-core-module-2.9.0.tgz",
      "integrity": "sha1-4cNEKc1Rxt2eCeB5njluJ7GanGk=",
      "dev": true,
      "requires": {
        "has": "^1.0.3"
      }
    },
    "magic-string": {
      "version": "0.25.9",
      "resolved": "http://npm.devops.xiaohongshu.com:7001/magic-string/download/magic-string-0.25.9.tgz",
      "integrity": "sha1-3n+fr5HvihyR0CwuUxTIJ3283Rw=",
      "requires": {
        "sourcemap-codec": "^1.4.8"
      }
    },
    "nanoid": {
      "version": "3.3.4",
      "resolved": "http://npm.devops.xiaohongshu.com:7001/nanoid/download/nanoid-3.3.4.tgz",
      "integrity": "sha1-cwtn480J4t6s8DwCfIHJ2dvF6Ks="
    },
    "path-parse": {
      "version": "1.0.7",
      "resolved": "http://npm.devops.xiaohongshu.com:7001/path-parse/download/path-parse-1.0.7.tgz",
      "integrity": "sha1-+8EUtgykKzDZ2vWFjkvWi77bZzU=",
      "dev": true
    },
    "picocolors": {
      "version": "1.0.0",
      "resolved": "http://npm.devops.xiaohongshu.com:7001/picocolors/download/picocolors-1.0.0.tgz",
      "integrity": "sha1-y1vcdP8/UYkiNur3nWi8RFZKuBw="
    },
    "postcss": {
      "version": "8.4.14",
      "resolved": "http://npm.devops.xiaohongshu.com:7001/postcss/download/postcss-8.4.14.tgz",
      "integrity": "sha1-7pJ01WIrSFjBAHp0125C5W/SHK8=",
      "requires": {
        "nanoid": "^3.3.4",
        "picocolors": "^1.0.0",
        "source-map-js": "^1.0.2"
      }
    },
    "resolve": {
      "version": "1.22.1",
      "resolved": "http://npm.devops.xiaohongshu.com:7001/resolve/download/resolve-1.22.1.tgz",
      "integrity": "sha1-J8suu1P5GrtJRwqSi7p1WAZqwXc=",
      "dev": true,
      "requires": {
        "is-core-module": "^2.9.0",
        "path-parse": "^1.0.7",
        "supports-preserve-symlinks-flag": "^1.0.0"
      }
    },
    "rollup": {
      "version": "2.75.7",
      "resolved": "http://npm.devops.xiaohongshu.com:7001/rollup/download/rollup-2.75.7.tgz",
      "integrity": "sha1-Ih/xGIeuJx433MZJujLOFZCqoLk=",
      "dev": true,
      "requires": {
        "fsevents": "~2.3.2"
      }
    },
    "source-map": {
      "version": "0.6.1",
      "resolved": "http://npm.devops.xiaohongshu.com:7001/source-map/download/source-map-0.6.1.tgz",
      "integrity": "sha1-dHIq8y6WFOnCh6jQu95IteLxomM="
    },
    "source-map-js": {
      "version": "1.0.2",
      "resolved": "http://npm.devops.xiaohongshu.com:7001/source-map-js/download/source-map-js-1.0.2.tgz",
      "integrity": "sha1-rbw2HZxi3zgBJefxYfccgm8eSQw="
    },
    "sourcemap-codec": {
      "version": "1.4.8",
      "resolved": "http://npm.devops.xiaohongshu.com:7001/sourcemap-codec/download/sourcemap-codec-1.4.8.tgz",
      "integrity": "sha1-6oBL2UhXQC5pktBaOO8a41qatMQ="
    },
    "supports-preserve-symlinks-flag": {
      "version": "1.0.0",
      "resolved": "http://npm.devops.xiaohongshu.com:7001/supports-preserve-symlinks-flag/download/supports-preserve-symlinks-flag-1.0.0.tgz",
      "integrity": "sha1-btpL00SjyUrqN21MwxvHcxEDngk=",
      "dev": true
    },
    "typescript": {
      "version": "4.7.4",
      "resolved": "http://npm.devops.xiaohongshu.com:7001/typescript/download/typescript-4.7.4.tgz",
      "integrity": "sha1-GohZbRz0fVlQehvN+1ud/k1IgjU=",
      "dev": true
    },
    "vite": {
      "version": "2.9.12",
      "resolved": "http://npm.devops.xiaohongshu.com:7001/vite/download/vite-2.9.12.tgz",
      "integrity": "sha1-sdY2sKisY2r+nYPjeS1IlVCalBs=",
      "dev": true,
      "requires": {
        "esbuild": "^0.14.27",
        "fsevents": "~2.3.2",
        "postcss": "^8.4.13",
        "resolve": "^1.22.0",
        "rollup": "^2.59.0"
      }
    },
    "vue": {
      "version": "3.2.26",
      "resolved": "http://npm.devops.xiaohongshu.com:7001/vue/download/vue-3.2.26.tgz",
      "integrity": "sha1-XbV1WD7K5JXHyqXBL9WQ3/y7dj4=",
      "requires": {
        "@vue/compiler-dom": "3.2.26",
        "@vue/compiler-sfc": "3.2.26",
        "@vue/runtime-dom": "3.2.26",
        "@vue/server-renderer": "3.2.26",
        "@vue/shared": "3.2.26"
      }
    },
    "vue-tsc": {
      "version": "0.34.17",
      "resolved": "http://npm.devops.xiaohongshu.com:7001/vue-tsc/download/vue-tsc-0.34.17.tgz",
      "integrity": "sha1-My/Fwx1ku5t0sPJgUPOrBnqafW8=",
      "dev": true,
      "requires": {
        "@volar/vue-typescript": "0.34.17"
      }
    }
  }
}
